
Microsoft Visual Studio Solution File, Format Version 12.00
# Visual Studio Version 16
VisualStudioVersion = 16.0.30626.31
MinimumVisualStudioVersion = 10.0.40219.1
Project("{9A19103F-16F7-4668-BE54-9A1E7A4F7556}") = "Hockey", "Hockey\Hockey.csproj", "{EB34F08D-A03C-4D4D-A23D-8D10DC887727}"
EndProject
Global
	GlobalSection(SolutionConfigurationPlatforms) = preSolution
		Debug|Any CPU = Debug|Any CPU
		Release|Any CPU = Release|Any CPU
	EndGlobalSection
	GlobalSection(ProjectConfigurationPlatforms) = postSolution
		{EB34F08D-A03C-4D4D-A23D-8D10DC887727}.Debug|Any CPU.ActiveCfg = Debug|Any CPU
		{EB34F08D-A03C-4D4D-A23D-8D10DC887727}.Debug|Any CPU.Build.0 = Debug|Any CPU
		{EB34F08D-A03C-4D4D-A23D-8D10DC887727}.Release|Any CPU.ActiveCfg = Release|Any CPU
		{EB34F08D-A03C-4D4D-A23D-8D10DC887727}.Release|Any CPU.Build.0 = Release|Any CPU
	EndGlobalSection
	GlobalSection(SolutionProperties) = preSolution
		HideSolutionNode = FALSE
	EndGlobalSection
	GlobalSection(ExtensibilityGlobals) = postSolution
		SolutionGuid = {75C24099-1710-44BC-BF7C-BF7FA3951A4E}
	EndGlobalSection
EndGlobal
